
Microsoft Visual Studio Solution File, Format Version 12.00
# Visual Studio 14
VisualStudioVersion = 14.0.25123.0
MinimumVisualStudioVersion = 10.0.40219.1
Project("{FAE04EC0-301F-11D3-BF4B-00C04F79EFBC}") = "SISConnect", "SISConnect\SISConnect.csproj", "{EBF17954-6275-47A3-BFD0-6F575960EF75}"
EndProject
Project("{FAE04EC0-301F-11D3-BF4B-00C04F79EFBC}") = "SIS", "SIS\SIS.csproj", "{F047D893-B364-4397-8561-6E1499790A11}"
EndProject
Global
	GlobalSection(SolutionConfigurationPlatforms) = preSolution
		Debug|Any CPU = Debug|Any CPU
		Release|Any CPU = Release|Any CPU
	EndGlobalSection
	GlobalSection(ProjectConfigurationPlatforms) = postSolution
		{EBF17954-6275-47A3-BFD0-6F575960EF75}.Debug|Any CPU.ActiveCfg = Debug|Any CPU
		{EBF17954-6275-47A3-BFD0-6F575960EF75}.Debug|Any CPU.Build.0 = Debug|Any CPU
		{EBF17954-6275-47A3-BFD0-6F575960EF75}.Release|Any CPU.ActiveCfg = Release|Any CPU
		{EBF17954-6275-47A3-BFD0-6F575960EF75}.Release|Any CPU.Build.0 = Release|Any CPU
		{F047D893-B364-4397-8561-6E1499790A11}.Debug|Any CPU.ActiveCfg = Debug|Any CPU
		{F047D893-B364-4397-8561-6E1499790A11}.Debug|Any CPU.Build.0 = Debug|Any CPU
		{F047D893-B364-4397-8561-6E1499790A11}.Release|Any CPU.ActiveCfg = Release|Any CPU
		{F047D893-B364-4397-8561-6E1499790A11}.Release|Any CPU.Build.0 = Release|Any CPU
	EndGlobalSection
	GlobalSection(SolutionProperties) = preSolution
		HideSolutionNode = FALSE
	EndGlobalSection
EndGlobal
